
Microsoft Visual Studio Solution File, Format Version 12.00
# Visual Studio Version 17
VisualStudioVersion = 17.6.33815.320
MinimumVisualStudioVersion = 10.0.40219.1
Project("{9A19103F-16F7-4668-BE54-9A1E7A4F7556}") = "Datos", "Datos\Datos.csproj", "{C1FC551C-050F-4ECB-9CFE-3D51B87BB408}"
EndProject
Project("{9A19103F-16F7-4668-BE54-9A1E7A4F7556}") = "Negocio", "Negocio\Negocio.csproj", "{9156F3C8-90B3-4B68-BE4D-8811FDE91736}"
EndProject
Project("{9A19103F-16F7-4668-BE54-9A1E7A4F7556}") = "Entidad", "Entidad\Entidad.csproj", "{0AF6A6D6-F00B-47BD-A80B-26D8D92AE31C}"
EndProject
Project("{9A19103F-16F7-4668-BE54-9A1E7A4F7556}") = "Consola", "Consola\Consola.csproj", "{F4798611-C05A-4687-BC5F-B94A44D06D15}"
EndProject
Project("{FAE04EC0-301F-11D3-BF4B-00C04F79EFBC}") = "WindowsForm", "WindowsForm\WindowsForm.csproj", "{8A4784F9-F18C-4DC3-B06D-C25AAE5E3BBB}"
EndProject
Global
	GlobalSection(SolutionConfigurationPlatforms) = preSolution
		Debug|Any CPU = Debug|Any CPU
		Release|Any CPU = Release|Any CPU
	EndGlobalSection
	GlobalSection(ProjectConfigurationPlatforms) = postSolution
		{C1FC551C-050F-4ECB-9CFE-3D51B87BB408}.Debug|Any CPU.ActiveCfg = Debug|Any CPU
		{C1FC551C-050F-4ECB-9CFE-3D51B87BB408}.Debug|Any CPU.Build.0 = Debug|Any CPU
		{C1FC551C-050F-4ECB-9CFE-3D51B87BB408}.Release|Any CPU.ActiveCfg = Release|Any CPU
		{C1FC551C-050F-4ECB-9CFE-3D51B87BB408}.Release|Any CPU.Build.0 = Release|Any CPU
		{9156F3C8-90B3-4B68-BE4D-8811FDE91736}.Debug|Any CPU.ActiveCfg = Debug|Any CPU
		{9156F3C8-90B3-4B68-BE4D-8811FDE91736}.Debug|Any CPU.Build.0 = Debug|Any CPU
		{9156F3C8-90B3-4B68-BE4D-8811FDE91736}.Release|Any CPU.ActiveCfg = Release|Any CPU
		{9156F3C8-90B3-4B68-BE4D-8811FDE91736}.Release|Any CPU.Build.0 = Release|Any CPU
		{0AF6A6D6-F00B-47BD-A80B-26D8D92AE31C}.Debug|Any CPU.ActiveCfg = Debug|Any CPU
		{0AF6A6D6-F00B-47BD-A80B-26D8D92AE31C}.Debug|Any CPU.Build.0 = Debug|Any CPU
		{0AF6A6D6-F00B-47BD-A80B-26D8D92AE31C}.Release|Any CPU.ActiveCfg = Release|Any CPU
		{0AF6A6D6-F00B-47BD-A80B-26D8D92AE31C}.Release|Any CPU.Build.0 = Release|Any CPU
		{F4798611-C05A-4687-BC5F-B94A44D06D15}.Debug|Any CPU.ActiveCfg = Debug|Any CPU
		{F4798611-C05A-4687-BC5F-B94A44D06D15}.Debug|Any CPU.Build.0 = Debug|Any CPU
		{F4798611-C05A-4687-BC5F-B94A44D06D15}.Release|Any CPU.ActiveCfg = Release|Any CPU
		{F4798611-C05A-4687-BC5F-B94A44D06D15}.Release|Any CPU.Build.0 = Release|Any CPU
		{8A4784F9-F18C-4DC3-B06D-C25AAE5E3BBB}.Debug|Any CPU.ActiveCfg = Debug|Any CPU
		{8A4784F9-F18C-4DC3-B06D-C25AAE5E3BBB}.Debug|Any CPU.Build.0 = Debug|Any CPU
		{8A4784F9-F18C-4DC3-B06D-C25AAE5E3BBB}.Release|Any CPU.ActiveCfg = Release|Any CPU
		{8A4784F9-F18C-4DC3-B06D-C25AAE5E3BBB}.Release|Any CPU.Build.0 = Release|Any CPU
	EndGlobalSection
	GlobalSection(SolutionProperties) = preSolution
		HideSolutionNode = FALSE
	EndGlobalSection
	GlobalSection(ExtensibilityGlobals) = postSolution
		SolutionGuid = {6233039D-C494-4895-A069-0679D6A590A8}
	EndGlobalSection
EndGlobal
